
Microsoft Visual Studio Solution File, Format Version 12.00
Project("{FAE04EC0-301F-11D3-BF4B-00C04F79EFBC}") = "InfoScreenServerV4", "NewsService\NewsService.csproj", "{756FCC35-1284-45E7-A228-B596BB6CC56F}"
EndProject
Project("{FAE04EC0-301F-11D3-BF4B-00C04F79EFBC}") = "FrontendAPI", "FrontendAPI\FrontendAPI.csproj", "{241B32B2-25E6-4511-8A99-D40FD97789D7}"
EndProject
Project("{FAE04EC0-301F-11D3-BF4B-00C04F79EFBC}") = "WeatherService", "WeatherService\WeatherService.csproj", "{6A97ABC9-AB51-4A2E-94DB-88F3243D602A}"
EndProject
Project("{FAE04EC0-301F-11D3-BF4B-00C04F79EFBC}") = "Common", "Common\Common.csproj", "{BD56BFB3-FB8E-44F0-802C-0AC5448212FD}"
EndProject
Global
	GlobalSection(SolutionConfigurationPlatforms) = preSolution
		Debug|Any CPU = Debug|Any CPU
		Release|Any CPU = Release|Any CPU
	EndGlobalSection
	GlobalSection(ProjectConfigurationPlatforms) = postSolution
		{756FCC35-1284-45E7-A228-B596BB6CC56F}.Debug|Any CPU.ActiveCfg = Debug|Any CPU
		{756FCC35-1284-45E7-A228-B596BB6CC56F}.Debug|Any CPU.Build.0 = Debug|Any CPU
		{756FCC35-1284-45E7-A228-B596BB6CC56F}.Release|Any CPU.ActiveCfg = Release|Any CPU
		{756FCC35-1284-45E7-A228-B596BB6CC56F}.Release|Any CPU.Build.0 = Release|Any CPU
		{241B32B2-25E6-4511-8A99-D40FD97789D7}.Debug|Any CPU.ActiveCfg = Debug|Any CPU
		{241B32B2-25E6-4511-8A99-D40FD97789D7}.Debug|Any CPU.Build.0 = Debug|Any CPU
		{241B32B2-25E6-4511-8A99-D40FD97789D7}.Release|Any CPU.ActiveCfg = Release|Any CPU
		{241B32B2-25E6-4511-8A99-D40FD97789D7}.Release|Any CPU.Build.0 = Release|Any CPU
		{6A97ABC9-AB51-4A2E-94DB-88F3243D602A}.Debug|Any CPU.ActiveCfg = Debug|Any CPU
		{6A97ABC9-AB51-4A2E-94DB-88F3243D602A}.Debug|Any CPU.Build.0 = Debug|Any CPU
		{6A97ABC9-AB51-4A2E-94DB-88F3243D602A}.Release|Any CPU.ActiveCfg = Release|Any CPU
		{6A97ABC9-AB51-4A2E-94DB-88F3243D602A}.Release|Any CPU.Build.0 = Release|Any CPU
		{BD56BFB3-FB8E-44F0-802C-0AC5448212FD}.Debug|Any CPU.ActiveCfg = Debug|Any CPU
		{BD56BFB3-FB8E-44F0-802C-0AC5448212FD}.Debug|Any CPU.Build.0 = Debug|Any CPU
		{BD56BFB3-FB8E-44F0-802C-0AC5448212FD}.Release|Any CPU.ActiveCfg = Release|Any CPU
		{BD56BFB3-FB8E-44F0-802C-0AC5448212FD}.Release|Any CPU.Build.0 = Release|Any CPU
	EndGlobalSection
EndGlobal
