
Microsoft Visual Studio Solution File, Format Version 12.00
Project("{FAE04EC0-301F-11D3-BF4B-00C04F79EFBC}") = "NewsService", "NewsService\NewsService.csproj", "{756FCC35-1284-45E7-A228-B596BB6CC56F}"
EndProject
Global
	GlobalSection(SolutionConfigurationPlatforms) = preSolution
		Debug|Any CPU = Debug|Any CPU
		Release|Any CPU = Release|Any CPU
	EndGlobalSection
	GlobalSection(ProjectConfigurationPlatforms) = postSolution
		{756FCC35-1284-45E7-A228-B596BB6CC56F}.Debug|Any CPU.ActiveCfg = Debug|Any CPU
		{756FCC35-1284-45E7-A228-B596BB6CC56F}.Debug|Any CPU.Build.0 = Debug|Any CPU
		{756FCC35-1284-45E7-A228-B596BB6CC56F}.Release|Any CPU.ActiveCfg = Release|Any CPU
		{756FCC35-1284-45E7-A228-B596BB6CC56F}.Release|Any CPU.Build.0 = Release|Any CPU
	EndGlobalSection
EndGlobal
